// !$*UTF8*$!
{
	archiveVersion = 1;
	classes = {
	};
	objectVersion = 51;
	objects = {

/* Begin PBXBuildFile section */
		3CCC3752E0E5C67ECB474DF4 /* Pods_Terra_Tracker.framework in Frameworks */ = {isa = PBXBuildFile; fileRef = A4E5258F0AA659A999A9655C /* Pods_Terra_Tracker.framework */; };
		9E17CC56245D0E300018C847 /* AppDelegate.swift in Sources */ = {isa = PBXBuildFile; fileRef = 9E17CC55245D0E300018C847 /* AppDelegate.swift */; };
		9E17CC58245D0E300018C847 /* SceneDelegate.swift in Sources */ = {isa = PBXBuildFile; fileRef = 9E17CC57245D0E300018C847 /* SceneDelegate.swift */; };
		9E17CC5A245D0E300018C847 /* ViewController.swift in Sources */ = {isa = PBXBuildFile; fileRef = 9E17CC59245D0E300018C847 /* ViewController.swift */; };
		9E17CC5D245D0E300018C847 /* Main.storyboard in Resources */ = {isa = PBXBuildFile; fileRef = 9E17CC5B245D0E300018C847 /* Main.storyboard */; };
		9E17CC60245D0E300018C847 /* Terra_Tracker.xcdatamodeld in Sources */ = {isa = PBXBuildFile; fileRef = 9E17CC5E245D0E300018C847 /* Terra_Tracker.xcdatamodeld */; };
		9E17CC62245D0E310018C847 /* Assets.xcassets in Resources */ = {isa = PBXBuildFile; fileRef = 9E17CC61245D0E310018C847 /* Assets.xcassets */; };
		9E17CC65245D0E310018C847 /* LaunchScreen.storyboard in Resources */ = {isa = PBXBuildFile; fileRef = 9E17CC63245D0E310018C847 /* LaunchScreen.storyboard */; };
		9E17CC70245D0E320018C847 /* Terra_TrackerTests.swift in Sources */ = {isa = PBXBuildFile; fileRef = 9E17CC6F245D0E320018C847 /* Terra_TrackerTests.swift */; };
		9E17CC7B245D10040018C847 /* Location.storyboard in Resources */ = {isa = PBXBuildFile; fileRef = 9E17CC7A245D10040018C847 /* Location.storyboard */; };
		9E17CC7D245D10270018C847 /* LocationViewController.swift in Sources */ = {isa = PBXBuildFile; fileRef = 9E17CC7C245D10270018C847 /* LocationViewController.swift */; };
		9E17CC80245D43BD0018C847 /* APIKey.plist in Resources */ = {isa = PBXBuildFile; fileRef = 9E17CC7F245D43BD0018C847 /* APIKey.plist */; };
		9E17CC82245D47790018C847 /* KeyManager.swift in Sources */ = {isa = PBXBuildFile; fileRef = 9E17CC81245D47790018C847 /* KeyManager.swift */; };
		9E17CC86245D608E0018C847 /* Pokemon.storyboard in Resources */ = {isa = PBXBuildFile; fileRef = 9E17CC85245D608E0018C847 /* Pokemon.storyboard */; };
		9E17CC88245D60A50018C847 /* PokemonViewController.swift in Sources */ = {isa = PBXBuildFile; fileRef = 9E17CC87245D60A50018C847 /* PokemonViewController.swift */; };
		9E63D43D245DD09E00C1D91F /* diamond1.gif in Resources */ = {isa = PBXBuildFile; fileRef = 9E63D439245DD09D00C1D91F /* diamond1.gif */; };
		9E63D43E245DD09E00C1D91F /* player.gif in Resources */ = {isa = PBXBuildFile; fileRef = 9E63D43A245DD09D00C1D91F /* player.gif */; };
		9E63D43F245DD09E00C1D91F /* diamond3.gif in Resources */ = {isa = PBXBuildFile; fileRef = 9E63D43B245DD09E00C1D91F /* diamond3.gif */; };
		9E63D440245DD09E00C1D91F /* diamond2.gif in Resources */ = {isa = PBXBuildFile; fileRef = 9E63D43C245DD09E00C1D91F /* diamond2.gif */; };
		9E63D442245DD0F300C1D91F /* GIFSupport.swift in Sources */ = {isa = PBXBuildFile; fileRef = 9E63D441245DD0F300C1D91F /* GIFSupport.swift */; };
		9E63D447245EA2A200C1D91F /* NightStyle.json in Resources */ = {isa = PBXBuildFile; fileRef = 9E63D444245EA2A200C1D91F /* NightStyle.json */; };
		9E63D448245EA2A200C1D91F /* DayStyle.json in Resources */ = {isa = PBXBuildFile; fileRef = 9E63D445245EA2A200C1D91F /* DayStyle.json */; };
		9E63D449245EA2A200C1D91F /* EveningStyle.json in Resources */ = {isa = PBXBuildFile; fileRef = 9E63D446245EA2A200C1D91F /* EveningStyle.json */; };
		9ECE9D6D245FBD08008E7D48 /* MapboxTest.storyboard in Resources */ = {isa = PBXBuildFile; fileRef = 9ECE9D6C245FBD08008E7D48 /* MapboxTest.storyboard */; };
		9ECE9D71245FD360008E7D48 /* MapboxTestViewController.swift in Sources */ = {isa = PBXBuildFile; fileRef = 9ECE9D70245FD360008E7D48 /* MapboxTestViewController.swift */; };
/* End PBXBuildFile section */

/* Begin PBXContainerItemProxy section */
		9E17CC6C245D0E320018C847 /* PBXContainerItemProxy */ = {
			isa = PBXContainerItemProxy;
			containerPortal = 9E17CC4A245D0E300018C847 /* Project object */;
			proxyType = 1;
			remoteGlobalIDString = 9E17CC51245D0E300018C847;
			remoteInfo = "Terra-Tracker";
		};
/* End PBXContainerItemProxy section */

/* Begin PBXFileReference section */
		32FB029FBE5E30C1BA2C9361 /* Pods-Terra-Tracker.debug.xcconfig */ = {isa = PBXFileReference; includeInIndex = 1; lastKnownFileType = text.xcconfig; name = "Pods-Terra-Tracker.debug.xcconfig"; path = "Target Support Files/Pods-Terra-Tracker/Pods-Terra-Tracker.debug.xcconfig"; sourceTree = "<group>"; };
		674F43E8D9F66E6E23E643C0 /* Pods-Terra-Tracker.release.xcconfig */ = {isa = PBXFileReference; includeInIndex = 1; lastKnownFileType = text.xcconfig; name = "Pods-Terra-Tracker.release.xcconfig"; path = "Target Support Files/Pods-Terra-Tracker/Pods-Terra-Tracker.release.xcconfig"; sourceTree = "<group>"; };
		9E17CC52245D0E300018C847 /* Terra-Tracker.app */ = {isa = PBXFileReference; explicitFileType = wrapper.application; includeInIndex = 0; path = "Terra-Tracker.app"; sourceTree = BUILT_PRODUCTS_DIR; };
		9E17CC55245D0E300018C847 /* AppDelegate.swift */ = {isa = PBXFileReference; lastKnownFileType = sourcecode.swift; path = AppDelegate.swift; sourceTree = "<group>"; };
		9E17CC57245D0E300018C847 /* SceneDelegate.swift */ = {isa = PBXFileReference; lastKnownFileType = sourcecode.swift; path = SceneDelegate.swift; sourceTree = "<group>"; };
		9E17CC59245D0E300018C847 /* ViewController.swift */ = {isa = PBXFileReference; lastKnownFileType = sourcecode.swift; path = ViewController.swift; sourceTree = "<group>"; };
		9E17CC5C245D0E300018C847 /* Base */ = {isa = PBXFileReference; lastKnownFileType = file.storyboard; name = Base; path = Base.lproj/Main.storyboard; sourceTree = "<group>"; };
		9E17CC5F245D0E300018C847 /* Terra_Tracker.xcdatamodel */ = {isa = PBXFileReference; lastKnownFileType = wrapper.xcdatamodel; path = Terra_Tracker.xcdatamodel; sourceTree = "<group>"; };
		9E17CC61245D0E310018C847 /* Assets.xcassets */ = {isa = PBXFileReference; lastKnownFileType = folder.assetcatalog; path = Assets.xcassets; sourceTree = "<group>"; };
		9E17CC64245D0E310018C847 /* Base */ = {isa = PBXFileReference; lastKnownFileType = file.storyboard; name = Base; path = Base.lproj/LaunchScreen.storyboard; sourceTree = "<group>"; };
		9E17CC66245D0E310018C847 /* Info.plist */ = {isa = PBXFileReference; lastKnownFileType = text.plist.xml; path = Info.plist; sourceTree = "<group>"; };
		9E17CC6B245D0E320018C847 /* Terra-TrackerTests.xctest */ = {isa = PBXFileReference; explicitFileType = wrapper.cfbundle; includeInIndex = 0; path = "Terra-TrackerTests.xctest"; sourceTree = BUILT_PRODUCTS_DIR; };
		9E17CC6F245D0E320018C847 /* Terra_TrackerTests.swift */ = {isa = PBXFileReference; lastKnownFileType = sourcecode.swift; path = Terra_TrackerTests.swift; sourceTree = "<group>"; };
		9E17CC71245D0E320018C847 /* Info.plist */ = {isa = PBXFileReference; lastKnownFileType = text.plist.xml; path = Info.plist; sourceTree = "<group>"; };
		9E17CC7A245D10040018C847 /* Location.storyboard */ = {isa = PBXFileReference; lastKnownFileType = file.storyboard; path = Location.storyboard; sourceTree = "<group>"; };
		9E17CC7C245D10270018C847 /* LocationViewController.swift */ = {isa = PBXFileReference; lastKnownFileType = sourcecode.swift; path = LocationViewController.swift; sourceTree = "<group>"; };
		9E17CC7F245D43BD0018C847 /* APIKey.plist */ = {isa = PBXFileReference; lastKnownFileType = text.plist.xml; path = APIKey.plist; sourceTree = "<group>"; };
		9E17CC81245D47790018C847 /* KeyManager.swift */ = {isa = PBXFileReference; lastKnownFileType = sourcecode.swift; path = KeyManager.swift; sourceTree = "<group>"; };
		9E17CC85245D608E0018C847 /* Pokemon.storyboard */ = {isa = PBXFileReference; lastKnownFileType = file.storyboard; path = Pokemon.storyboard; sourceTree = "<group>"; };
		9E17CC87245D60A50018C847 /* PokemonViewController.swift */ = {isa = PBXFileReference; lastKnownFileType = sourcecode.swift; path = PokemonViewController.swift; sourceTree = "<group>"; };
		9E63D439245DD09D00C1D91F /* diamond1.gif */ = {isa = PBXFileReference; lastKnownFileType = image.gif; path = diamond1.gif; sourceTree = "<group>"; };
		9E63D43A245DD09D00C1D91F /* player.gif */ = {isa = PBXFileReference; lastKnownFileType = image.gif; path = player.gif; sourceTree = "<group>"; };
		9E63D43B245DD09E00C1D91F /* diamond3.gif */ = {isa = PBXFileReference; lastKnownFileType = image.gif; path = diamond3.gif; sourceTree = "<group>"; };
		9E63D43C245DD09E00C1D91F /* diamond2.gif */ = {isa = PBXFileReference; lastKnownFileType = image.gif; path = diamond2.gif; sourceTree = "<group>"; };
		9E63D441245DD0F300C1D91F /* GIFSupport.swift */ = {isa = PBXFileReference; lastKnownFileType = sourcecode.swift; path = GIFSupport.swift; sourceTree = "<group>"; };
		9E63D444245EA2A200C1D91F /* NightStyle.json */ = {isa = PBXFileReference; fileEncoding = 4; lastKnownFileType = text.json; path = NightStyle.json; sourceTree = "<group>"; };
		9E63D445245EA2A200C1D91F /* DayStyle.json */ = {isa = PBXFileReference; fileEncoding = 4; lastKnownFileType = text.json; path = DayStyle.json; sourceTree = "<group>"; };
		9E63D446245EA2A200C1D91F /* EveningStyle.json */ = {isa = PBXFileReference; fileEncoding = 4; lastKnownFileType = text.json; path = EveningStyle.json; sourceTree = "<group>"; };
		9ECE9D6C245FBD08008E7D48 /* MapboxTest.storyboard */ = {isa = PBXFileReference; lastKnownFileType = file.storyboard; path = MapboxTest.storyboard; sourceTree = "<group>"; };
		9ECE9D70245FD360008E7D48 /* MapboxTestViewController.swift */ = {isa = PBXFileReference; lastKnownFileType = sourcecode.swift; path = MapboxTestViewController.swift; sourceTree = "<group>"; };
		A4E5258F0AA659A999A9655C /* Pods_Terra_Tracker.framework */ = {isa = PBXFileReference; explicitFileType = wrapper.framework; includeInIndex = 0; path = Pods_Terra_Tracker.framework; sourceTree = BUILT_PRODUCTS_DIR; };
/* End PBXFileReference section */

/* Begin PBXFrameworksBuildPhase section */
		9E17CC4F245D0E300018C847 /* Frameworks */ = {
			isa = PBXFrameworksBuildPhase;
			buildActionMask = 2147483647;
			files = (
				3CCC3752E0E5C67ECB474DF4 /* Pods_Terra_Tracker.framework in Frameworks */,
			);
			runOnlyForDeploymentPostprocessing = 0;
		};
		9E17CC68245D0E320018C847 /* Frameworks */ = {
			isa = PBXFrameworksBuildPhase;
			buildActionMask = 2147483647;
			files = (
			);
			runOnlyForDeploymentPostprocessing = 0;
		};
/* End PBXFrameworksBuildPhase section */

/* Begin PBXGroup section */
		39A7D48C0E96CAD6E0741ED4 /* Frameworks */ = {
			isa = PBXGroup;
			children = (
				A4E5258F0AA659A999A9655C /* Pods_Terra_Tracker.framework */,
			);
			name = Frameworks;
			sourceTree = "<group>";
		};
		7A949D46ED9C164D80820123 /* Pods */ = {
			isa = PBXGroup;
			children = (
				32FB029FBE5E30C1BA2C9361 /* Pods-Terra-Tracker.debug.xcconfig */,
				674F43E8D9F66E6E23E643C0 /* Pods-Terra-Tracker.release.xcconfig */,
			);
			path = Pods;
			sourceTree = "<group>";
		};
		9E17CC49245D0E300018C847 = {
			isa = PBXGroup;
			children = (
				9E17CC54245D0E300018C847 /* Terra-Tracker */,
				9E17CC6E245D0E320018C847 /* Terra-TrackerTests */,
				9E17CC53245D0E300018C847 /* Products */,
				7A949D46ED9C164D80820123 /* Pods */,
				39A7D48C0E96CAD6E0741ED4 /* Frameworks */,
			);
			sourceTree = "<group>";
		};
		9E17CC53245D0E300018C847 /* Products */ = {
			isa = PBXGroup;
			children = (
				9E17CC52245D0E300018C847 /* Terra-Tracker.app */,
				9E17CC6B245D0E320018C847 /* Terra-TrackerTests.xctest */,
			);
			name = Products;
			sourceTree = "<group>";
		};
		9E17CC54245D0E300018C847 /* Terra-Tracker */ = {
			isa = PBXGroup;
			children = (
				9ECE9D6B245FBCE2008E7D48 /* MapboxTest */,
				9E63D443245EA27400C1D91F /* MapViews */,
				9E63D438245DD06400C1D91F /* GIF */,
				9E17CC84245D60610018C847 /* Pokemon */,
				9E17CC55245D0E300018C847 /* AppDelegate.swift */,
				9E17CC57245D0E300018C847 /* SceneDelegate.swift */,
				9E17CC59245D0E300018C847 /* ViewController.swift */,
				9E17CC5B245D0E300018C847 /* Main.storyboard */,
				9E17CC61245D0E310018C847 /* Assets.xcassets */,
				9E17CC63245D0E310018C847 /* LaunchScreen.storyboard */,
				9E17CC66245D0E310018C847 /* Info.plist */,
				9E17CC5E245D0E300018C847 /* Terra_Tracker.xcdatamodeld */,
				9E17CC7E245D103B0018C847 /* LocationTest */,
				9E17CC7F245D43BD0018C847 /* APIKey.plist */,
				9E17CC81245D47790018C847 /* KeyManager.swift */,
				9E63D441245DD0F300C1D91F /* GIFSupport.swift */,
			);
			path = "Terra-Tracker";
			sourceTree = "<group>";
		};
		9E17CC6E245D0E320018C847 /* Terra-TrackerTests */ = {
			isa = PBXGroup;
			children = (
				9E17CC6F245D0E320018C847 /* Terra_TrackerTests.swift */,
				9E17CC71245D0E320018C847 /* Info.plist */,
			);
			path = "Terra-TrackerTests";
			sourceTree = "<group>";
		};
		9E17CC7E245D103B0018C847 /* LocationTest */ = {
			isa = PBXGroup;
			children = (
				9E17CC7A245D10040018C847 /* Location.storyboard */,
				9E17CC7C245D10270018C847 /* LocationViewController.swift */,
			);
			path = LocationTest;
			sourceTree = "<group>";
		};
		9E17CC84245D60610018C847 /* Pokemon */ = {
			isa = PBXGroup;
			children = (
				9E17CC85245D608E0018C847 /* Pokemon.storyboard */,
				9E17CC87245D60A50018C847 /* PokemonViewController.swift */,
			);
			path = Pokemon;
			sourceTree = "<group>";
		};
		9E63D438245DD06400C1D91F /* GIF */ = {
			isa = PBXGroup;
			children = (
				9E63D439245DD09D00C1D91F /* diamond1.gif */,
				9E63D43C245DD09E00C1D91F /* diamond2.gif */,
				9E63D43B245DD09E00C1D91F /* diamond3.gif */,
				9E63D43A245DD09D00C1D91F /* player.gif */,
			);
			path = GIF;
			sourceTree = "<group>";
		};
		9E63D443245EA27400C1D91F /* MapViews */ = {
			isa = PBXGroup;
			children = (
				9E63D445245EA2A200C1D91F /* DayStyle.json */,
				9E63D446245EA2A200C1D91F /* EveningStyle.json */,
				9E63D444245EA2A200C1D91F /* NightStyle.json */,
			);
			path = MapViews;
			sourceTree = "<group>";
		};
		9ECE9D6B245FBCE2008E7D48 /* MapboxTest */ = {
			isa = PBXGroup;
			children = (
				9ECE9D6C245FBD08008E7D48 /* MapboxTest.storyboard */,
				9ECE9D70245FD360008E7D48 /* MapboxTestViewController.swift */,
			);
			path = MapboxTest;
			sourceTree = "<group>";
		};
/* End PBXGroup section */

/* Begin PBXNativeTarget section */
		9E17CC51245D0E300018C847 /* Terra-Tracker */ = {
			isa = PBXNativeTarget;
			buildConfigurationList = 9E17CC74245D0E320018C847 /* Build configuration list for PBXNativeTarget "Terra-Tracker" */;
			buildPhases = (
				BF0142FA250666F10453FA61 /* [CP] Check Pods Manifest.lock */,
				9E17CC4E245D0E300018C847 /* Sources */,
				9E17CC4F245D0E300018C847 /* Frameworks */,
				9E17CC50245D0E300018C847 /* Resources */,
				06E1409125AFC6CAF65E0D3F /* [CP] Copy Pods Resources */,
				FA276102D1D573BC22508E68 /* [CP] Embed Pods Frameworks */,
			);
			buildRules = (
			);
			dependencies = (
			);
			name = "Terra-Tracker";
			productName = "Terra-Tracker";
			productReference = 9E17CC52245D0E300018C847 /* Terra-Tracker.app */;
			productType = "com.apple.product-type.application";
		};
		9E17CC6A245D0E320018C847 /* Terra-TrackerTests */ = {
			isa = PBXNativeTarget;
			buildConfigurationList = 9E17CC77245D0E320018C847 /* Build configuration list for PBXNativeTarget "Terra-TrackerTests" */;
			buildPhases = (
				9E17CC67245D0E320018C847 /* Sources */,
				9E17CC68245D0E320018C847 /* Frameworks */,
				9E17CC69245D0E320018C847 /* Resources */,
			);
			buildRules = (
			);
			dependencies = (
				9E17CC6D245D0E320018C847 /* PBXTargetDependency */,
			);
			name = "Terra-TrackerTests";
			productName = "Terra-TrackerTests";
			productReference = 9E17CC6B245D0E320018C847 /* Terra-TrackerTests.xctest */;
			productType = "com.apple.product-type.bundle.unit-test";
		};
/* End PBXNativeTarget section */

/* Begin PBXProject section */
		9E17CC4A245D0E300018C847 /* Project object */ = {
			isa = PBXProject;
			attributes = {
				LastSwiftUpdateCheck = 1130;
				LastUpgradeCheck = 1130;
				ORGANIZATIONNAME = "塩塚 弘樹";
				TargetAttributes = {
					9E17CC51245D0E300018C847 = {
						CreatedOnToolsVersion = 11.3.1;
					};
					9E17CC6A245D0E320018C847 = {
						CreatedOnToolsVersion = 11.3.1;
						TestTargetID = 9E17CC51245D0E300018C847;
					};
				};
			};
			buildConfigurationList = 9E17CC4D245D0E300018C847 /* Build configuration list for PBXProject "Terra-Tracker" */;
			compatibilityVersion = "Xcode 9.3";
			developmentRegion = en;
			hasScannedForEncodings = 0;
			knownRegions = (
				en,
				Base,
			);
			mainGroup = 9E17CC49245D0E300018C847;
			productRefGroup = 9E17CC53245D0E300018C847 /* Products */;
			projectDirPath = "";
			projectRoot = "";
			targets = (
				9E17CC51245D0E300018C847 /* Terra-Tracker */,
				9E17CC6A245D0E320018C847 /* Terra-TrackerTests */,
			);
		};
/* End PBXProject section */

/* Begin PBXResourcesBuildPhase section */
		9E17CC50245D0E300018C847 /* Resources */ = {
			isa = PBXResourcesBuildPhase;
			buildActionMask = 2147483647;
			files = (
				9E17CC65245D0E310018C847 /* LaunchScreen.storyboard in Resources */,
				9E17CC62245D0E310018C847 /* Assets.xcassets in Resources */,
				9E63D43D245DD09E00C1D91F /* diamond1.gif in Resources */,
				9E63D43F245DD09E00C1D91F /* diamond3.gif in Resources */,
				9E63D448245EA2A200C1D91F /* DayStyle.json in Resources */,
				9E63D43E245DD09E00C1D91F /* player.gif in Resources */,
				9E17CC5D245D0E300018C847 /* Main.storyboard in Resources */,
				9E63D440245DD09E00C1D91F /* diamond2.gif in Resources */,
				9E17CC7B245D10040018C847 /* Location.storyboard in Resources */,
				9ECE9D6D245FBD08008E7D48 /* MapboxTest.storyboard in Resources */,
				9E63D447245EA2A200C1D91F /* NightStyle.json in Resources */,
				9E63D449245EA2A200C1D91F /* EveningStyle.json in Resources */,
				9E17CC86245D608E0018C847 /* Pokemon.storyboard in Resources */,
				9E17CC80245D43BD0018C847 /* APIKey.plist in Resources */,
			);
			runOnlyForDeploymentPostprocessing = 0;
		};
		9E17CC69245D0E320018C847 /* Resources */ = {
			isa = PBXResourcesBuildPhase;
			buildActionMask = 2147483647;
			files = (
			);
			runOnlyForDeploymentPostprocessing = 0;
		};
/* End PBXResourcesBuildPhase section */

/* Begin PBXShellScriptBuildPhase section */
		06E1409125AFC6CAF65E0D3F /* [CP] Copy Pods Resources */ = {
			isa = PBXShellScriptBuildPhase;
			buildActionMask = 2147483647;
			files = (
			);
			inputFileListPaths = (
				"${PODS_ROOT}/Target Support Files/Pods-Terra-Tracker/Pods-Terra-Tracker-resources-${CONFIGURATION}-input-files.xcfilelist",
			);
			name = "[CP] Copy Pods Resources";
			outputFileListPaths = (
				"${PODS_ROOT}/Target Support Files/Pods-Terra-Tracker/Pods-Terra-Tracker-resources-${CONFIGURATION}-output-files.xcfilelist",
			);
			runOnlyForDeploymentPostprocessing = 0;
			shellPath = /bin/sh;
			shellScript = "\"${PODS_ROOT}/Target Support Files/Pods-Terra-Tracker/Pods-Terra-Tracker-resources.sh\"\n";
			showEnvVarsInLog = 0;
		};
		BF0142FA250666F10453FA61 /* [CP] Check Pods Manifest.lock */ = {
			isa = PBXShellScriptBuildPhase;
			buildActionMask = 2147483647;
			files = (
			);
			inputFileListPaths = (
			);
			inputPaths = (
				"${PODS_PODFILE_DIR_PATH}/Podfile.lock",
				"${PODS_ROOT}/Manifest.lock",
			);
			name = "[CP] Check Pods Manifest.lock";
			outputFileListPaths = (
			);
			outputPaths = (
				"$(DERIVED_FILE_DIR)/Pods-Terra-Tracker-checkManifestLockResult.txt",
			);
			runOnlyForDeploymentPostprocessing = 0;
			shellPath = /bin/sh;
			shellScript = "diff \"${PODS_PODFILE_DIR_PATH}/Podfile.lock\" \"${PODS_ROOT}/Manifest.lock\" > /dev/null\nif [ $? != 0 ] ; then\n    # print error to STDERR\n    echo \"error: The sandbox is not in sync with the Podfile.lock. Run 'pod install' or update your CocoaPods installation.\" >&2\n    exit 1\nfi\n# This output is used by Xcode 'outputs' to avoid re-running this script phase.\necho \"SUCCESS\" > \"${SCRIPT_OUTPUT_FILE_0}\"\n";
			showEnvVarsInLog = 0;
		};
		FA276102D1D573BC22508E68 /* [CP] Embed Pods Frameworks */ = {
			isa = PBXShellScriptBuildPhase;
			buildActionMask = 2147483647;
			files = (
			);
			inputFileListPaths = (
				"${PODS_ROOT}/Target Support Files/Pods-Terra-Tracker/Pods-Terra-Tracker-frameworks-${CONFIGURATION}-input-files.xcfilelist",
			);
			name = "[CP] Embed Pods Frameworks";
			outputFileListPaths = (
				"${PODS_ROOT}/Target Support Files/Pods-Terra-Tracker/Pods-Terra-Tracker-frameworks-${CONFIGURATION}-output-files.xcfilelist",
			);
			runOnlyForDeploymentPostprocessing = 0;
			shellPath = /bin/sh;
			shellScript = "\"${PODS_ROOT}/Target Support Files/Pods-Terra-Tracker/Pods-Terra-Tracker-frameworks.sh\"\n";
			showEnvVarsInLog = 0;
		};
/* End PBXShellScriptBuildPhase section */

/* Begin PBXSourcesBuildPhase section */
		9E17CC4E245D0E300018C847 /* Sources */ = {
			isa = PBXSourcesBuildPhase;
			buildActionMask = 2147483647;
			files = (
				9E17CC7D245D10270018C847 /* LocationViewController.swift in Sources */,
				9ECE9D71245FD360008E7D48 /* MapboxTestViewController.swift in Sources */,
				9E17CC5A245D0E300018C847 /* ViewController.swift in Sources */,
				9E17CC56245D0E300018C847 /* AppDelegate.swift in Sources */,
				9E17CC88245D60A50018C847 /* PokemonViewController.swift in Sources */,
				9E17CC58245D0E300018C847 /* SceneDelegate.swift in Sources */,
				9E17CC60245D0E300018C847 /* Terra_Tracker.xcdatamodeld in Sources */,
				9E63D442245DD0F300C1D91F /* GIFSupport.swift in Sources */,
				9E17CC82245D47790018C847 /* KeyManager.swift in Sources */,
			);
			runOnlyForDeploymentPostprocessing = 0;
		};
		9E17CC67245D0E320018C847 /* Sources */ = {
			isa = PBXSourcesBuildPhase;
			buildActionMask = 2147483647;
			files = (
				9E17CC70245D0E320018C847 /* Terra_TrackerTests.swift in Sources */,
			);
			runOnlyForDeploymentPostprocessing = 0;
		};
/* End PBXSourcesBuildPhase section */

/* Begin PBXTargetDependency section */
		9E17CC6D245D0E320018C847 /* PBXTargetDependency */ = {
			isa = PBXTargetDependency;
			target = 9E17CC51245D0E300018C847 /* Terra-Tracker */;
			targetProxy = 9E17CC6C245D0E320018C847 /* PBXContainerItemProxy */;
		};
/* End PBXTargetDependency section */

/* Begin PBXVariantGroup section */
		9E17CC5B245D0E300018C847 /* Main.storyboard */ = {
			isa = PBXVariantGroup;
			children = (
				9E17CC5C245D0E300018C847 /* Base */,
			);
			name = Main.storyboard;
			sourceTree = "<group>";
		};
		9E17CC63245D0E310018C847 /* LaunchScreen.storyboard */ = {
			isa = PBXVariantGroup;
			children = (
				9E17CC64245D0E310018C847 /* Base */,
			);
			name = LaunchScreen.storyboard;
			sourceTree = "<group>";
		};
/* End PBXVariantGroup section */

/* Begin XCBuildConfiguration section */
		9E17CC72245D0E320018C847 /* Debug */ = {
			isa = XCBuildConfiguration;
			buildSettings = {
				ALWAYS_SEARCH_USER_PATHS = NO;
				CLANG_ANALYZER_NONNULL = YES;
				CLANG_ANALYZER_NUMBER_OBJECT_CONVERSION = YES_AGGRESSIVE;
				CLANG_CXX_LANGUAGE_STANDARD = "gnu++14";
				CLANG_CXX_LIBRARY = "libc++";
				CLANG_ENABLE_MODULES = YES;
				CLANG_ENABLE_OBJC_ARC = YES;
				CLANG_ENABLE_OBJC_WEAK = YES;
				CLANG_WARN_BLOCK_CAPTURE_AUTORELEASING = YES;
				CLANG_WARN_BOOL_CONVERSION = YES;
				CLANG_WARN_COMMA = YES;
				CLANG_WARN_CONSTANT_CONVERSION = YES;
				CLANG_WARN_DEPRECATED_OBJC_IMPLEMENTATIONS = YES;
				CLANG_WARN_DIRECT_OBJC_ISA_USAGE = YES_ERROR;
				CLANG_WARN_DOCUMENTATION_COMMENTS = YES;
				CLANG_WARN_EMPTY_BODY = YES;
				CLANG_WARN_ENUM_CONVERSION = YES;
				CLANG_WARN_INFINITE_RECURSION = YES;
				CLANG_WARN_INT_CONVERSION = YES;
				CLANG_WARN_NON_LITERAL_NULL_CONVERSION = YES;
				CLANG_WARN_OBJC_IMPLICIT_RETAIN_SELF = YES;
				CLANG_WARN_OBJC_LITERAL_CONVERSION = YES;
				CLANG_WARN_OBJC_ROOT_CLASS = YES_ERROR;
				CLANG_WARN_RANGE_LOOP_ANALYSIS = YES;
				CLANG_WARN_STRICT_PROTOTYPES = YES;
				CLANG_WARN_SUSPICIOUS_MOVE = YES;
				CLANG_WARN_UNGUARDED_AVAILABILITY = YES_AGGRESSIVE;
				CLANG_WARN_UNREACHABLE_CODE = YES;
				CLANG_WARN__DUPLICATE_METHOD_MATCH = YES;
				COPY_PHASE_STRIP = NO;
				DEBUG_INFORMATION_FORMAT = dwarf;
				ENABLE_STRICT_OBJC_MSGSEND = YES;
				ENABLE_TESTABILITY = YES;
				GCC_C_LANGUAGE_STANDARD = gnu11;
				GCC_DYNAMIC_NO_PIC = NO;
				GCC_NO_COMMON_BLOCKS = YES;
				GCC_OPTIMIZATION_LEVEL = 0;
				GCC_PREPROCESSOR_DEFINITIONS = (
					"DEBUG=1",
					"$(inherited)",
				);
				GCC_WARN_64_TO_32_BIT_CONVERSION = YES;
				GCC_WARN_ABOUT_RETURN_TYPE = YES_ERROR;
				GCC_WARN_UNDECLARED_SELECTOR = YES;
				GCC_WARN_UNINITIALIZED_AUTOS = YES_AGGRESSIVE;
				GCC_WARN_UNUSED_FUNCTION = YES;
				GCC_WARN_UNUSED_VARIABLE = YES;
				IPHONEOS_DEPLOYMENT_TARGET = 13.2;
				MTL_ENABLE_DEBUG_INFO = INCLUDE_SOURCE;
				MTL_FAST_MATH = YES;
				ONLY_ACTIVE_ARCH = YES;
				SDKROOT = iphoneos;
				SWIFT_ACTIVE_COMPILATION_CONDITIONS = DEBUG;
				SWIFT_OPTIMIZATION_LEVEL = "-Onone";
			};
			name = Debug;
		};
		9E17CC73245D0E320018C847 /* Release */ = {
			isa = XCBuildConfiguration;
			buildSettings = {
				ALWAYS_SEARCH_USER_PATHS = NO;
				CLANG_ANALYZER_NONNULL = YES;
				CLANG_ANALYZER_NUMBER_OBJECT_CONVERSION = YES_AGGRESSIVE;
				CLANG_CXX_LANGUAGE_STANDARD = "gnu++14";
				CLANG_CXX_LIBRARY = "libc++";
				CLANG_ENABLE_MODULES = YES;
				CLANG_ENABLE_OBJC_ARC = YES;
				CLANG_ENABLE_OBJC_WEAK = YES;
				CLANG_WARN_BLOCK_CAPTURE_AUTORELEASING = YES;
				CLANG_WARN_BOOL_CONVERSION = YES;
				CLANG_WARN_COMMA = YES;
				CLANG_WARN_CONSTANT_CONVERSION = YES;
				CLANG_WARN_DEPRECATED_OBJC_IMPLEMENTATIONS = YES;
				CLANG_WARN_DIRECT_OBJC_ISA_USAGE = YES_ERROR;
				CLANG_WARN_DOCUMENTATION_COMMENTS = YES;
				CLANG_WARN_EMPTY_BODY = YES;
				CLANG_WARN_ENUM_CONVERSION = YES;
				CLANG_WARN_INFINITE_RECURSION = YES;
				CLANG_WARN_INT_CONVERSION = YES;
				CLANG_WARN_NON_LITERAL_NULL_CONVERSION = YES;
				CLANG_WARN_OBJC_IMPLICIT_RETAIN_SELF = YES;
				CLANG_WARN_OBJC_LITERAL_CONVERSION = YES;
				CLANG_WARN_OBJC_ROOT_CLASS = YES_ERROR;
				CLANG_WARN_RANGE_LOOP_ANALYSIS = YES;
				CLANG_WARN_STRICT_PROTOTYPES = YES;
				CLANG_WARN_SUSPICIOUS_MOVE = YES;
				CLANG_WARN_UNGUARDED_AVAILABILITY = YES_AGGRESSIVE;
				CLANG_WARN_UNREACHABLE_CODE = YES;
				CLANG_WARN__DUPLICATE_METHOD_MATCH = YES;
				COPY_PHASE_STRIP = NO;
				DEBUG_INFORMATION_FORMAT = "dwarf-with-dsym";
				ENABLE_NS_ASSERTIONS = NO;
				ENABLE_STRICT_OBJC_MSGSEND = YES;
				GCC_C_LANGUAGE_STANDARD = gnu11;
				GCC_NO_COMMON_BLOCKS = YES;
				GCC_WARN_64_TO_32_BIT_CONVERSION = YES;
				GCC_WARN_ABOUT_RETURN_TYPE = YES_ERROR;
				GCC_WARN_UNDECLARED_SELECTOR = YES;
				GCC_WARN_UNINITIALIZED_AUTOS = YES_AGGRESSIVE;
				GCC_WARN_UNUSED_FUNCTION = YES;
				GCC_WARN_UNUSED_VARIABLE = YES;
				IPHONEOS_DEPLOYMENT_TARGET = 13.2;
				MTL_ENABLE_DEBUG_INFO = NO;
				MTL_FAST_MATH = YES;
				SDKROOT = iphoneos;
				SWIFT_COMPILATION_MODE = wholemodule;
				SWIFT_OPTIMIZATION_LEVEL = "-O";
				VALIDATE_PRODUCT = YES;
			};
			name = Release;
		};
		9E17CC75245D0E320018C847 /* Debug */ = {
			isa = XCBuildConfiguration;
			baseConfigurationReference = 32FB029FBE5E30C1BA2C9361 /* Pods-Terra-Tracker.debug.xcconfig */;
			buildSettings = {
				ASSETCATALOG_COMPILER_APPICON_NAME = AppIcon;
				CODE_SIGN_STYLE = Automatic;
				DEVELOPMENT_TEAM = Z65J8N368W;
				INFOPLIST_FILE = "Terra-Tracker/Info.plist";
				IPHONEOS_DEPLOYMENT_TARGET = 12.4;
				LD_RUNPATH_SEARCH_PATHS = (
					"$(inherited)",
					"@executable_path/Frameworks",
				);
				ONLY_ACTIVE_ARCH = NO;
				PRODUCT_BUNDLE_IDENTIFIER = "com.hatatouille.terra-tracker.Terra-Tracker";
				PRODUCT_NAME = "$(TARGET_NAME)";
				SWIFT_VERSION = 5.0;
				TARGETED_DEVICE_FAMILY = "1,2";
			};
			name = Debug;
		};
		9E17CC76245D0E320018C847 /* Release */ = {
			isa = XCBuildConfiguration;
			baseConfigurationReference = 674F43E8D9F66E6E23E643C0 /* Pods-Terra-Tracker.release.xcconfig */;
			buildSettings = {
				ASSETCATALOG_COMPILER_APPICON_NAME = AppIcon;
				CODE_SIGN_STYLE = Automatic;
				DEVELOPMENT_TEAM = Z65J8N368W;
				INFOPLIST_FILE = "Terra-Tracker/Info.plist";
				IPHONEOS_DEPLOYMENT_TARGET = 12.4;
				LD_RUNPATH_SEARCH_PATHS = (
					"$(inherited)",
					"@executable_path/Frameworks",
				);
				PRODUCT_BUNDLE_IDENTIFIER = "com.hatatouille.terra-tracker.Terra-Tracker";
				PRODUCT_NAME = "$(TARGET_NAME)";
				SWIFT_VERSION = 5.0;
				TARGETED_DEVICE_FAMILY = "1,2";
			};
			name = Release;
		};
		9E17CC78245D0E320018C847 /* Debug */ = {
			isa = XCBuildConfiguration;
			buildSettings = {
				ALWAYS_EMBED_SWIFT_STANDARD_LIBRARIES = YES;
				BUNDLE_LOADER = "$(TEST_HOST)";
				CODE_SIGN_STYLE = Automatic;
				DEVELOPMENT_TEAM = Z65J8N368W;
				INFOPLIST_FILE = "Terra-TrackerTests/Info.plist";
				IPHONEOS_DEPLOYMENT_TARGET = 13.2;
				LD_RUNPATH_SEARCH_PATHS = (
					"$(inherited)",
					"@executable_path/Frameworks",
					"@loader_path/Frameworks",
				);
				PRODUCT_BUNDLE_IDENTIFIER = "com.hatatouille.terra-tracker.Terra-TrackerTests";
				PRODUCT_NAME = "$(TARGET_NAME)";
				SWIFT_VERSION = 5.0;
				TARGETED_DEVICE_FAMILY = "1,2";
				TEST_HOST = "$(BUILT_PRODUCTS_DIR)/Terra-Tracker.app/Terra-Tracker";
			};
			name = Debug;
		};
		9E17CC79245D0E320018C847 /* Release */ = {
			isa = XCBuildConfiguration;
			buildSettings = {
				ALWAYS_EMBED_SWIFT_STANDARD_LIBRARIES = YES;
				BUNDLE_LOADER = "$(TEST_HOST)";
				CODE_SIGN_STYLE = Automatic;
				DEVELOPMENT_TEAM = Z65J8N368W;
				INFOPLIST_FILE = "Terra-TrackerTests/Info.plist";
				IPHONEOS_DEPLOYMENT_TARGET = 13.2;
				LD_RUNPATH_SEARCH_PATHS = (
					"$(inherited)",
					"@executable_path/Frameworks",
					"@loader_path/Frameworks",
				);
				PRODUCT_BUNDLE_IDENTIFIER = "com.hatatouille.terra-tracker.Terra-TrackerTests";
				PRODUCT_NAME = "$(TARGET_NAME)";
				SWIFT_VERSION = 5.0;
				TARGETED_DEVICE_FAMILY = "1,2";
				TEST_HOST = "$(BUILT_PRODUCTS_DIR)/Terra-Tracker.app/Terra-Tracker";
			};
			name = Release;
		};
/* End XCBuildConfiguration section */

/* Begin XCConfigurationList section */
		9E17CC4D245D0E300018C847 /* Build configuration list for PBXProject "Terra-Tracker" */ = {
			isa = XCConfigurationList;
			buildConfigurations = (
				9E17CC72245D0E320018C847 /* Debug */,
				9E17CC73245D0E320018C847 /* Release */,
			);
			defaultConfigurationIsVisible = 0;
			defaultConfigurationName = Release;
		};
		9E17CC74245D0E320018C847 /* Build configuration list for PBXNativeTarget "Terra-Tracker" */ = {
			isa = XCConfigurationList;
			buildConfigurations = (
				9E17CC75245D0E320018C847 /* Debug */,
				9E17CC76245D0E320018C847 /* Release */,
			);
			defaultConfigurationIsVisible = 0;
			defaultConfigurationName = Release;
		};
		9E17CC77245D0E320018C847 /* Build configuration list for PBXNativeTarget "Terra-TrackerTests" */ = {
			isa = XCConfigurationList;
			buildConfigurations = (
				9E17CC78245D0E320018C847 /* Debug */,
				9E17CC79245D0E320018C847 /* Release */,
			);
			defaultConfigurationIsVisible = 0;
			defaultConfigurationName = Release;
		};
/* End XCConfigurationList section */

/* Begin XCVersionGroup section */
		9E17CC5E245D0E300018C847 /* Terra_Tracker.xcdatamodeld */ = {
			isa = XCVersionGroup;
			children = (
				9E17CC5F245D0E300018C847 /* Terra_Tracker.xcdatamodel */,
			);
			currentVersion = 9E17CC5F245D0E300018C847 /* Terra_Tracker.xcdatamodel */;
			path = Terra_Tracker.xcdatamodeld;
			sourceTree = "<group>";
			versionGroupType = wrapper.xcdatamodel;
		};
/* End XCVersionGroup section */
	};
	rootObject = 9E17CC4A245D0E300018C847 /* Project object */;
}
